
Microsoft Visual Studio Solution File, Format Version 12.00
# Visual Studio Version 17
VisualStudioVersion = 17.9.34728.123
MinimumVisualStudioVersion = 10.0.40219.1
Project("{FAE04EC0-301F-11D3-BF4B-00C04F79EFBC}") = "Attendee", "Attendee\Attendee.csproj", "{9F19B733-E11F-4B85-9899-C98CCDBC59D3}"
EndProject
Global
	GlobalSection(SolutionConfigurationPlatforms) = preSolution
		Debug|Any CPU = Debug|Any CPU
		Release|Any CPU = Release|Any CPU
	EndGlobalSection
	GlobalSection(ProjectConfigurationPlatforms) = postSolution
		{9F19B733-E11F-4B85-9899-C98CCDBC59D3}.Debug|Any CPU.ActiveCfg = Debug|Any CPU
		{9F19B733-E11F-4B85-9899-C98CCDBC59D3}.Debug|Any CPU.Build.0 = Debug|Any CPU
		{9F19B733-E11F-4B85-9899-C98CCDBC59D3}.Release|Any CPU.ActiveCfg = Release|Any CPU
		{9F19B733-E11F-4B85-9899-C98CCDBC59D3}.Release|Any CPU.Build.0 = Release|Any CPU
	EndGlobalSection
	GlobalSection(SolutionProperties) = preSolution
		HideSolutionNode = FALSE
	EndGlobalSection
	GlobalSection(ExtensibilityGlobals) = postSolution
		SolutionGuid = {CD49CD1B-B51B-4649-92DA-97A3B4A01F25}
	EndGlobalSection
EndGlobal
